%{
  "decimal": {:hex, :decimal, "1.7.0", "30d6b52c88541f9a66637359ddf85016df9eb266170d53105f02e4a67e00c5aa", [:mix], [], "hexpm"},
  "ecto": {:hex, :ecto, "3.0.7", "44dda84ac6b17bbbdeb8ac5dfef08b7da253b37a453c34ab1a98de7f7e5fec7f", [:mix], [{:decimal, "~> 1.6", [hex: :decimal, repo: "hexpm", optional: false]}, {:jason, "~> 1.0", [hex: :jason, repo: "hexpm", optional: true]}, {:poison, "~> 2.2 or ~> 3.0", [hex: :poison, repo: "hexpm", optional: true]}], "hexpm"},
  "sweet_xml": {:hex, :sweet_xml, "0.6.6", "fc3e91ec5dd7c787b6195757fbcf0abc670cee1e4172687b45183032221b66b8", [:mix], [], "hexpm"},
  "valid_url": {:hex, :valid_url, "0.1.2", "26c75b498c9504043bc7b5e09a9b643ef21adecc834b0f04205abea649cc1cdf", [:mix], [], "hexpm"},
}
